
Microsoft Visual Studio Solution File, Format Version 12.00
# Visual Studio Version 17
VisualStudioVersion = 17.2.32630.192
MinimumVisualStudioVersion = 10.0.40219.1
Project("{FAE04EC0-301F-11D3-BF4B-00C04F79EFBC}") = "R5T.D0105.A001", "R5T.D0105.A001\R5T.D0105.A001.csproj", "{B4126045-F7FD-4448-A734-C3BA32EDDA63}"
EndProject
Project("{FAE04EC0-301F-11D3-BF4B-00C04F79EFBC}") = "R5T.D0105.I001", "R5T.D0105.I001\R5T.D0105.I001.csproj", "{8EA737F3-CBE2-4EBB-B445-94E128A3B3BA}"
EndProject
Project("{FAE04EC0-301F-11D3-BF4B-00C04F79EFBC}") = "R5T.D0105.Base", "R5T.D0105.Base\R5T.D0105.Base.csproj", "{3CD05A94-0C77-4918-9BA8-26FA357163D3}"
EndProject
Project("{2150E333-8FDC-42A3-9474-1A3956D46DE8}") = "_Dependencies", "_Dependencies", "{8C4C2D5D-DD28-4A7B-B939-51FECFA3CEC9}"
EndProject
Project("{FAE04EC0-301F-11D3-BF4B-00C04F79EFBC}") = "R5T.Dacia.Extensions", "..\..\R5T.Dacia.Extensions\source\R5T.Dacia.Extensions\R5T.Dacia.Extensions.csproj", "{CA563A21-CDFD-4A53-AFFB-D7471BC3A87B}"
EndProject
Project("{FAE04EC0-301F-11D3-BF4B-00C04F79EFBC}") = "R5T.Dacia.T002", "..\..\R5T.Dacia\source\R5T.Dacia.T002\R5T.Dacia.T002.csproj", "{430F5413-B1C0-407C-A76C-9619D3B90CE8}"
EndProject
Project("{9A19103F-16F7-4668-BE54-9A1E7A4F7556}") = "R5T.D0075.X001", "..\..\R5T.D0075\source\R5T.D0075.X001\R5T.D0075.X001.csproj", "{86228BEB-1F60-49B0-A369-E4AD45ADA7FA}"
EndProject
Project("{9A19103F-16F7-4668-BE54-9A1E7A4F7556}") = "R5T.D0075.Base", "..\..\R5T.D0075\source\R5T.D0075.Base\R5T.D0075.Base.csproj", "{D3490628-E15A-4E4E-ABA1-00700AFD434B}"
EndProject
Project("{9A19103F-16F7-4668-BE54-9A1E7A4F7556}") = "R5T.T0064", "..\..\R5T.T0064\source\R5T.T0064\R5T.T0064.csproj", "{7BB55B7B-5C0A-407F-8A1E-187E59257041}"
EndProject
Project("{9A19103F-16F7-4668-BE54-9A1E7A4F7556}") = "R5T.D0075.T001.X001", "..\..\R5T.D0075\source\R5T.D0075.T001.X001\R5T.D0075.T001.X001.csproj", "{95E11E2B-BE18-4F64-977C-70F6EC07F7A0}"
EndProject
Project("{9A19103F-16F7-4668-BE54-9A1E7A4F7556}") = "R5T.D0075.T001", "..\..\R5T.D0075\source\R5T.D0075.T001\R5T.D0075.T001.csproj", "{9DEC94DB-4FE4-4811-A3EC-490A220647E0}"
EndProject
Project("{9A19103F-16F7-4668-BE54-9A1E7A4F7556}") = "R5T.T0039.T002", "..\..\R5T.T0039\source\R5T.T0039.T002\R5T.T0039.T002.csproj", "{C8BA686B-5CB8-4B5D-BDF5-30037826011A}"
EndProject
Project("{9A19103F-16F7-4668-BE54-9A1E7A4F7556}") = "R5T.Magyar", "..\..\R5T.Magyar\source\R5T.Magyar\R5T.Magyar.csproj", "{BBAC7C3A-B859-4D80-8B09-96D349BA1A93}"
EndProject
Project("{9A19103F-16F7-4668-BE54-9A1E7A4F7556}") = "R5T.T0062.X001", "..\..\R5T.T0062\source\R5T.T0062.X001\R5T.T0062.X001.csproj", "{E9215F20-EB9C-4826-BE24-367FE9D18527}"
EndProject
Project("{9A19103F-16F7-4668-BE54-9A1E7A4F7556}") = "R5T.T0063", "..\..\R5T.T0063\source\R5T.T0063\R5T.T0063.csproj", "{54EE66A6-DB84-4D31-A20C-5898A9B48858}"
EndProject
Project("{9A19103F-16F7-4668-BE54-9A1E7A4F7556}") = "R5T.L0013", "..\..\R5T.L0013\source\R5T.L0013\R5T.L0013.csproj", "{09A3FEDD-914A-4E0A-860C-AF3524EDB89D}"
EndProject
Project("{9A19103F-16F7-4668-BE54-9A1E7A4F7556}") = "R5T.T0062", "..\..\R5T.T0062\source\R5T.T0062\R5T.T0062.csproj", "{DD8D6CFE-8D53-44CB-B214-380ADCA115AC}"
EndProject
Project("{9A19103F-16F7-4668-BE54-9A1E7A4F7556}") = "R5T.Dacia", "..\..\R5T.Dacia\source\R5T.Dacia\R5T.Dacia.csproj", "{B8D712F1-F8ED-4991-BD6D-2E1144666304}"
EndProject
Project("{9A19103F-16F7-4668-BE54-9A1E7A4F7556}") = "R5T.T0143", "..\..\R5T.T0143\source\R5T.T0143\R5T.T0143.csproj", "{D7F449BE-0623-45F2-9AD1-DFE12959F20B}"
EndProject
Global
	GlobalSection(NestedProjects) = preSolution
		{CA563A21-CDFD-4A53-AFFB-D7471BC3A87B} = {8C4C2D5D-DD28-4A7B-B939-51FECFA3CEC9}
		{430F5413-B1C0-407C-A76C-9619D3B90CE8} = {8C4C2D5D-DD28-4A7B-B939-51FECFA3CEC9}
		{86228BEB-1F60-49B0-A369-E4AD45ADA7FA} = {8C4C2D5D-DD28-4A7B-B939-51FECFA3CEC9}
		{D3490628-E15A-4E4E-ABA1-00700AFD434B} = {8C4C2D5D-DD28-4A7B-B939-51FECFA3CEC9}
		{7BB55B7B-5C0A-407F-8A1E-187E59257041} = {8C4C2D5D-DD28-4A7B-B939-51FECFA3CEC9}
		{95E11E2B-BE18-4F64-977C-70F6EC07F7A0} = {8C4C2D5D-DD28-4A7B-B939-51FECFA3CEC9}
		{9DEC94DB-4FE4-4811-A3EC-490A220647E0} = {8C4C2D5D-DD28-4A7B-B939-51FECFA3CEC9}
		{C8BA686B-5CB8-4B5D-BDF5-30037826011A} = {8C4C2D5D-DD28-4A7B-B939-51FECFA3CEC9}
		{BBAC7C3A-B859-4D80-8B09-96D349BA1A93} = {8C4C2D5D-DD28-4A7B-B939-51FECFA3CEC9}
		{E9215F20-EB9C-4826-BE24-367FE9D18527} = {8C4C2D5D-DD28-4A7B-B939-51FECFA3CEC9}
		{54EE66A6-DB84-4D31-A20C-5898A9B48858} = {8C4C2D5D-DD28-4A7B-B939-51FECFA3CEC9}
		{09A3FEDD-914A-4E0A-860C-AF3524EDB89D} = {8C4C2D5D-DD28-4A7B-B939-51FECFA3CEC9}
		{DD8D6CFE-8D53-44CB-B214-380ADCA115AC} = {8C4C2D5D-DD28-4A7B-B939-51FECFA3CEC9}
		{B8D712F1-F8ED-4991-BD6D-2E1144666304} = {8C4C2D5D-DD28-4A7B-B939-51FECFA3CEC9}
		{D7F449BE-0623-45F2-9AD1-DFE12959F20B} = {8C4C2D5D-DD28-4A7B-B939-51FECFA3CEC9}
	EndGlobalSection
	GlobalSection(SolutionConfigurationPlatforms) = preSolution
		Debug|Any CPU = Debug|Any CPU
		Debug|x64 = Debug|x64
		Debug|x86 = Debug|x86
		Release|Any CPU = Release|Any CPU
		Release|x64 = Release|x64
		Release|x86 = Release|x86
	EndGlobalSection
	GlobalSection(ProjectConfigurationPlatforms) = postSolution
		{B4126045-F7FD-4448-A734-C3BA32EDDA63}.Debug|Any CPU.ActiveCfg = Debug|Any CPU
		{B4126045-F7FD-4448-A734-C3BA32EDDA63}.Debug|Any CPU.Build.0 = Debug|Any CPU
		{B4126045-F7FD-4448-A734-C3BA32EDDA63}.Debug|x64.ActiveCfg = Debug|Any CPU
		{B4126045-F7FD-4448-A734-C3BA32EDDA63}.Debug|x64.Build.0 = Debug|Any CPU
		{B4126045-F7FD-4448-A734-C3BA32EDDA63}.Debug|x86.ActiveCfg = Debug|Any CPU
		{B4126045-F7FD-4448-A734-C3BA32EDDA63}.Debug|x86.Build.0 = Debug|Any CPU
		{B4126045-F7FD-4448-A734-C3BA32EDDA63}.Release|Any CPU.ActiveCfg = Release|Any CPU
		{B4126045-F7FD-4448-A734-C3BA32EDDA63}.Release|Any CPU.Build.0 = Release|Any CPU
		{B4126045-F7FD-4448-A734-C3BA32EDDA63}.Release|x64.ActiveCfg = Release|Any CPU
		{B4126045-F7FD-4448-A734-C3BA32EDDA63}.Release|x64.Build.0 = Release|Any CPU
		{B4126045-F7FD-4448-A734-C3BA32EDDA63}.Release|x86.ActiveCfg = Release|Any CPU
		{B4126045-F7FD-4448-A734-C3BA32EDDA63}.Release|x86.Build.0 = Release|Any CPU
		{8EA737F3-CBE2-4EBB-B445-94E128A3B3BA}.Debug|Any CPU.ActiveCfg = Debug|Any CPU
		{8EA737F3-CBE2-4EBB-B445-94E128A3B3BA}.Debug|Any CPU.Build.0 = Debug|Any CPU
		{8EA737F3-CBE2-4EBB-B445-94E128A3B3BA}.Debug|x64.ActiveCfg = Debug|Any CPU
		{8EA737F3-CBE2-4EBB-B445-94E128A3B3BA}.Debug|x64.Build.0 = Debug|Any CPU
		{8EA737F3-CBE2-4EBB-B445-94E128A3B3BA}.Debug|x86.ActiveCfg = Debug|Any CPU
		{8EA737F3-CBE2-4EBB-B445-94E128A3B3BA}.Debug|x86.Build.0 = Debug|Any CPU
		{8EA737F3-CBE2-4EBB-B445-94E128A3B3BA}.Release|Any CPU.ActiveCfg = Release|Any CPU
		{8EA737F3-CBE2-4EBB-B445-94E128A3B3BA}.Release|Any CPU.Build.0 = Release|Any CPU
		{8EA737F3-CBE2-4EBB-B445-94E128A3B3BA}.Release|x64.ActiveCfg = Release|Any CPU
		{8EA737F3-CBE2-4EBB-B445-94E128A3B3BA}.Release|x64.Build.0 = Release|Any CPU
		{8EA737F3-CBE2-4EBB-B445-94E128A3B3BA}.Release|x86.ActiveCfg = Release|Any CPU
		{8EA737F3-CBE2-4EBB-B445-94E128A3B3BA}.Release|x86.Build.0 = Release|Any CPU
		{3CD05A94-0C77-4918-9BA8-26FA357163D3}.Debug|Any CPU.ActiveCfg = Debug|Any CPU
		{3CD05A94-0C77-4918-9BA8-26FA357163D3}.Debug|Any CPU.Build.0 = Debug|Any CPU
		{3CD05A94-0C77-4918-9BA8-26FA357163D3}.Debug|x64.ActiveCfg = Debug|Any CPU
		{3CD05A94-0C77-4918-9BA8-26FA357163D3}.Debug|x64.Build.0 = Debug|Any CPU
		{3CD05A94-0C77-4918-9BA8-26FA357163D3}.Debug|x86.ActiveCfg = Debug|Any CPU
		{3CD05A94-0C77-4918-9BA8-26FA357163D3}.Debug|x86.Build.0 = Debug|Any CPU
		{3CD05A94-0C77-4918-9BA8-26FA357163D3}.Release|Any CPU.ActiveCfg = Release|Any CPU
		{3CD05A94-0C77-4918-9BA8-26FA357163D3}.Release|Any CPU.Build.0 = Release|Any CPU
		{3CD05A94-0C77-4918-9BA8-26FA357163D3}.Release|x64.ActiveCfg = Release|Any CPU
		{3CD05A94-0C77-4918-9BA8-26FA357163D3}.Release|x64.Build.0 = Release|Any CPU
		{3CD05A94-0C77-4918-9BA8-26FA357163D3}.Release|x86.ActiveCfg = Release|Any CPU
		{3CD05A94-0C77-4918-9BA8-26FA357163D3}.Release|x86.Build.0 = Release|Any CPU
		{CA563A21-CDFD-4A53-AFFB-D7471BC3A87B}.Debug|Any CPU.ActiveCfg = Debug|Any CPU
		{CA563A21-CDFD-4A53-AFFB-D7471BC3A87B}.Debug|Any CPU.Build.0 = Debug|Any CPU
		{CA563A21-CDFD-4A53-AFFB-D7471BC3A87B}.Debug|x64.ActiveCfg = Debug|Any CPU
		{CA563A21-CDFD-4A53-AFFB-D7471BC3A87B}.Debug|x64.Build.0 = Debug|Any CPU
		{CA563A21-CDFD-4A53-AFFB-D7471BC3A87B}.Debug|x86.ActiveCfg = Debug|Any CPU
		{CA563A21-CDFD-4A53-AFFB-D7471BC3A87B}.Debug|x86.Build.0 = Debug|Any CPU
		{CA563A21-CDFD-4A53-AFFB-D7471BC3A87B}.Release|Any CPU.ActiveCfg = Release|Any CPU
		{CA563A21-CDFD-4A53-AFFB-D7471BC3A87B}.Release|Any CPU.Build.0 = Release|Any CPU
		{CA563A21-CDFD-4A53-AFFB-D7471BC3A87B}.Release|x64.ActiveCfg = Release|Any CPU
		{CA563A21-CDFD-4A53-AFFB-D7471BC3A87B}.Release|x64.Build.0 = Release|Any CPU
		{CA563A21-CDFD-4A53-AFFB-D7471BC3A87B}.Release|x86.ActiveCfg = Release|Any CPU
		{CA563A21-CDFD-4A53-AFFB-D7471BC3A87B}.Release|x86.Build.0 = Release|Any CPU
		{430F5413-B1C0-407C-A76C-9619D3B90CE8}.Debug|Any CPU.ActiveCfg = Debug|Any CPU
		{430F5413-B1C0-407C-A76C-9619D3B90CE8}.Debug|Any CPU.Build.0 = Debug|Any CPU
		{430F5413-B1C0-407C-A76C-9619D3B90CE8}.Debug|x64.ActiveCfg = Debug|Any CPU
		{430F5413-B1C0-407C-A76C-9619D3B90CE8}.Debug|x64.Build.0 = Debug|Any CPU
		{430F5413-B1C0-407C-A76C-9619D3B90CE8}.Debug|x86.ActiveCfg = Debug|Any CPU
		{430F5413-B1C0-407C-A76C-9619D3B90CE8}.Debug|x86.Build.0 = Debug|Any CPU
		{430F5413-B1C0-407C-A76C-9619D3B90CE8}.Release|Any CPU.ActiveCfg = Release|Any CPU
		{430F5413-B1C0-407C-A76C-9619D3B90CE8}.Release|Any CPU.Build.0 = Release|Any CPU
		{430F5413-B1C0-407C-A76C-9619D3B90CE8}.Release|x64.ActiveCfg = Release|Any CPU
		{430F5413-B1C0-407C-A76C-9619D3B90CE8}.Release|x64.Build.0 = Release|Any CPU
		{430F5413-B1C0-407C-A76C-9619D3B90CE8}.Release|x86.ActiveCfg = Release|Any CPU
		{430F5413-B1C0-407C-A76C-9619D3B90CE8}.Release|x86.Build.0 = Release|Any CPU
		{86228BEB-1F60-49B0-A369-E4AD45ADA7FA}.Debug|Any CPU.ActiveCfg = Debug|Any CPU
		{86228BEB-1F60-49B0-A369-E4AD45ADA7FA}.Debug|Any CPU.Build.0 = Debug|Any CPU
		{86228BEB-1F60-49B0-A369-E4AD45ADA7FA}.Debug|x64.ActiveCfg = Debug|Any CPU
		{86228BEB-1F60-49B0-A369-E4AD45ADA7FA}.Debug|x64.Build.0 = Debug|Any CPU
		{86228BEB-1F60-49B0-A369-E4AD45ADA7FA}.Debug|x86.ActiveCfg = Debug|Any CPU
		{86228BEB-1F60-49B0-A369-E4AD45ADA7FA}.Debug|x86.Build.0 = Debug|Any CPU
		{86228BEB-1F60-49B0-A369-E4AD45ADA7FA}.Release|Any CPU.ActiveCfg = Release|Any CPU
		{86228BEB-1F60-49B0-A369-E4AD45ADA7FA}.Release|Any CPU.Build.0 = Release|Any CPU
		{86228BEB-1F60-49B0-A369-E4AD45ADA7FA}.Release|x64.ActiveCfg = Release|Any CPU
		{86228BEB-1F60-49B0-A369-E4AD45ADA7FA}.Release|x64.Build.0 = Release|Any CPU
		{86228BEB-1F60-49B0-A369-E4AD45ADA7FA}.Release|x86.ActiveCfg = Release|Any CPU
		{86228BEB-1F60-49B0-A369-E4AD45ADA7FA}.Release|x86.Build.0 = Release|Any CPU
		{D3490628-E15A-4E4E-ABA1-00700AFD434B}.Debug|Any CPU.ActiveCfg = Debug|Any CPU
		{D3490628-E15A-4E4E-ABA1-00700AFD434B}.Debug|Any CPU.Build.0 = Debug|Any CPU
		{D3490628-E15A-4E4E-ABA1-00700AFD434B}.Debug|x64.ActiveCfg = Debug|Any CPU
		{D3490628-E15A-4E4E-ABA1-00700AFD434B}.Debug|x64.Build.0 = Debug|Any CPU
		{D3490628-E15A-4E4E-ABA1-00700AFD434B}.Debug|x86.ActiveCfg = Debug|Any CPU
		{D3490628-E15A-4E4E-ABA1-00700AFD434B}.Debug|x86.Build.0 = Debug|Any CPU
		{D3490628-E15A-4E4E-ABA1-00700AFD434B}.Release|Any CPU.ActiveCfg = Release|Any CPU
		{D3490628-E15A-4E4E-ABA1-00700AFD434B}.Release|Any CPU.Build.0 = Release|Any CPU
		{D3490628-E15A-4E4E-ABA1-00700AFD434B}.Release|x64.ActiveCfg = Release|Any CPU
		{D3490628-E15A-4E4E-ABA1-00700AFD434B}.Release|x64.Build.0 = Release|Any CPU
		{D3490628-E15A-4E4E-ABA1-00700AFD434B}.Release|x86.ActiveCfg = Release|Any CPU
		{D3490628-E15A-4E4E-ABA1-00700AFD434B}.Release|x86.Build.0 = Release|Any CPU
		{7BB55B7B-5C0A-407F-8A1E-187E59257041}.Debug|Any CPU.ActiveCfg = Debug|Any CPU
		{7BB55B7B-5C0A-407F-8A1E-187E59257041}.Debug|Any CPU.Build.0 = Debug|Any CPU
		{7BB55B7B-5C0A-407F-8A1E-187E59257041}.Debug|x64.ActiveCfg = Debug|Any CPU
		{7BB55B7B-5C0A-407F-8A1E-187E59257041}.Debug|x64.Build.0 = Debug|Any CPU
		{7BB55B7B-5C0A-407F-8A1E-187E59257041}.Debug|x86.ActiveCfg = Debug|Any CPU
		{7BB55B7B-5C0A-407F-8A1E-187E59257041}.Debug|x86.Build.0 = Debug|Any CPU
		{7BB55B7B-5C0A-407F-8A1E-187E59257041}.Release|Any CPU.ActiveCfg = Release|Any CPU
		{7BB55B7B-5C0A-407F-8A1E-187E59257041}.Release|Any CPU.Build.0 = Release|Any CPU
		{7BB55B7B-5C0A-407F-8A1E-187E59257041}.Release|x64.ActiveCfg = Release|Any CPU
		{7BB55B7B-5C0A-407F-8A1E-187E59257041}.Release|x64.Build.0 = Release|Any CPU
		{7BB55B7B-5C0A-407F-8A1E-187E59257041}.Release|x86.ActiveCfg = Release|Any CPU
		{7BB55B7B-5C0A-407F-8A1E-187E59257041}.Release|x86.Build.0 = Release|Any CPU
		{95E11E2B-BE18-4F64-977C-70F6EC07F7A0}.Debug|Any CPU.ActiveCfg = Debug|Any CPU
		{95E11E2B-BE18-4F64-977C-70F6EC07F7A0}.Debug|Any CPU.Build.0 = Debug|Any CPU
		{95E11E2B-BE18-4F64-977C-70F6EC07F7A0}.Debug|x64.ActiveCfg = Debug|Any CPU
		{95E11E2B-BE18-4F64-977C-70F6EC07F7A0}.Debug|x64.Build.0 = Debug|Any CPU
		{95E11E2B-BE18-4F64-977C-70F6EC07F7A0}.Debug|x86.ActiveCfg = Debug|Any CPU
		{95E11E2B-BE18-4F64-977C-70F6EC07F7A0}.Debug|x86.Build.0 = Debug|Any CPU
		{95E11E2B-BE18-4F64-977C-70F6EC07F7A0}.Release|Any CPU.ActiveCfg = Release|Any CPU
		{95E11E2B-BE18-4F64-977C-70F6EC07F7A0}.Release|Any CPU.Build.0 = Release|Any CPU
		{95E11E2B-BE18-4F64-977C-70F6EC07F7A0}.Release|x64.ActiveCfg = Release|Any CPU
		{95E11E2B-BE18-4F64-977C-70F6EC07F7A0}.Release|x64.Build.0 = Release|Any CPU
		{95E11E2B-BE18-4F64-977C-70F6EC07F7A0}.Release|x86.ActiveCfg = Release|Any CPU
		{95E11E2B-BE18-4F64-977C-70F6EC07F7A0}.Release|x86.Build.0 = Release|Any CPU
		{9DEC94DB-4FE4-4811-A3EC-490A220647E0}.Debug|Any CPU.ActiveCfg = Debug|Any CPU
		{9DEC94DB-4FE4-4811-A3EC-490A220647E0}.Debug|Any CPU.Build.0 = Debug|Any CPU
		{9DEC94DB-4FE4-4811-A3EC-490A220647E0}.Debug|x64.ActiveCfg = Debug|Any CPU
		{9DEC94DB-4FE4-4811-A3EC-490A220647E0}.Debug|x64.Build.0 = Debug|Any CPU
		{9DEC94DB-4FE4-4811-A3EC-490A220647E0}.Debug|x86.ActiveCfg = Debug|Any CPU
		{9DEC94DB-4FE4-4811-A3EC-490A220647E0}.Debug|x86.Build.0 = Debug|Any CPU
		{9DEC94DB-4FE4-4811-A3EC-490A220647E0}.Release|Any CPU.ActiveCfg = Release|Any CPU
		{9DEC94DB-4FE4-4811-A3EC-490A220647E0}.Release|Any CPU.Build.0 = Release|Any CPU
		{9DEC94DB-4FE4-4811-A3EC-490A220647E0}.Release|x64.ActiveCfg = Release|Any CPU
		{9DEC94DB-4FE4-4811-A3EC-490A220647E0}.Release|x64.Build.0 = Release|Any CPU
		{9DEC94DB-4FE4-4811-A3EC-490A220647E0}.Release|x86.ActiveCfg = Release|Any CPU
		{9DEC94DB-4FE4-4811-A3EC-490A220647E0}.Release|x86.Build.0 = Release|Any CPU
		{C8BA686B-5CB8-4B5D-BDF5-30037826011A}.Debug|Any CPU.ActiveCfg = Debug|Any CPU
		{C8BA686B-5CB8-4B5D-BDF5-30037826011A}.Debug|Any CPU.Build.0 = Debug|Any CPU
		{C8BA686B-5CB8-4B5D-BDF5-30037826011A}.Debug|x64.ActiveCfg = Debug|Any CPU
		{C8BA686B-5CB8-4B5D-BDF5-30037826011A}.Debug|x64.Build.0 = Debug|Any CPU
		{C8BA686B-5CB8-4B5D-BDF5-30037826011A}.Debug|x86.ActiveCfg = Debug|Any CPU
		{C8BA686B-5CB8-4B5D-BDF5-30037826011A}.Debug|x86.Build.0 = Debug|Any CPU
		{C8BA686B-5CB8-4B5D-BDF5-30037826011A}.Release|Any CPU.ActiveCfg = Release|Any CPU
		{C8BA686B-5CB8-4B5D-BDF5-30037826011A}.Release|Any CPU.Build.0 = Release|Any CPU
		{C8BA686B-5CB8-4B5D-BDF5-30037826011A}.Release|x64.ActiveCfg = Release|Any CPU
		{C8BA686B-5CB8-4B5D-BDF5-30037826011A}.Release|x64.Build.0 = Release|Any CPU
		{C8BA686B-5CB8-4B5D-BDF5-30037826011A}.Release|x86.ActiveCfg = Release|Any CPU
		{C8BA686B-5CB8-4B5D-BDF5-30037826011A}.Release|x86.Build.0 = Release|Any CPU
		{BBAC7C3A-B859-4D80-8B09-96D349BA1A93}.Debug|Any CPU.ActiveCfg = Debug|Any CPU
		{BBAC7C3A-B859-4D80-8B09-96D349BA1A93}.Debug|Any CPU.Build.0 = Debug|Any CPU
		{BBAC7C3A-B859-4D80-8B09-96D349BA1A93}.Debug|x64.ActiveCfg = Debug|Any CPU
		{BBAC7C3A-B859-4D80-8B09-96D349BA1A93}.Debug|x64.Build.0 = Debug|Any CPU
		{BBAC7C3A-B859-4D80-8B09-96D349BA1A93}.Debug|x86.ActiveCfg = Debug|Any CPU
		{BBAC7C3A-B859-4D80-8B09-96D349BA1A93}.Debug|x86.Build.0 = Debug|Any CPU
		{BBAC7C3A-B859-4D80-8B09-96D349BA1A93}.Release|Any CPU.ActiveCfg = Release|Any CPU
		{BBAC7C3A-B859-4D80-8B09-96D349BA1A93}.Release|Any CPU.Build.0 = Release|Any CPU
		{BBAC7C3A-B859-4D80-8B09-96D349BA1A93}.Release|x64.ActiveCfg = Release|Any CPU
		{BBAC7C3A-B859-4D80-8B09-96D349BA1A93}.Release|x64.Build.0 = Release|Any CPU
		{BBAC7C3A-B859-4D80-8B09-96D349BA1A93}.Release|x86.ActiveCfg = Release|Any CPU
		{BBAC7C3A-B859-4D80-8B09-96D349BA1A93}.Release|x86.Build.0 = Release|Any CPU
		{E9215F20-EB9C-4826-BE24-367FE9D18527}.Debug|Any CPU.ActiveCfg = Debug|Any CPU
		{E9215F20-EB9C-4826-BE24-367FE9D18527}.Debug|Any CPU.Build.0 = Debug|Any CPU
		{E9215F20-EB9C-4826-BE24-367FE9D18527}.Debug|x64.ActiveCfg = Debug|Any CPU
		{E9215F20-EB9C-4826-BE24-367FE9D18527}.Debug|x64.Build.0 = Debug|Any CPU
		{E9215F20-EB9C-4826-BE24-367FE9D18527}.Debug|x86.ActiveCfg = Debug|Any CPU
		{E9215F20-EB9C-4826-BE24-367FE9D18527}.Debug|x86.Build.0 = Debug|Any CPU
		{E9215F20-EB9C-4826-BE24-367FE9D18527}.Release|Any CPU.ActiveCfg = Release|Any CPU
		{E9215F20-EB9C-4826-BE24-367FE9D18527}.Release|Any CPU.Build.0 = Release|Any CPU
		{E9215F20-EB9C-4826-BE24-367FE9D18527}.Release|x64.ActiveCfg = Release|Any CPU
		{E9215F20-EB9C-4826-BE24-367FE9D18527}.Release|x64.Build.0 = Release|Any CPU
		{E9215F20-EB9C-4826-BE24-367FE9D18527}.Release|x86.ActiveCfg = Release|Any CPU
		{E9215F20-EB9C-4826-BE24-367FE9D18527}.Release|x86.Build.0 = Release|Any CPU
		{54EE66A6-DB84-4D31-A20C-5898A9B48858}.Debug|Any CPU.ActiveCfg = Debug|Any CPU
		{54EE66A6-DB84-4D31-A20C-5898A9B48858}.Debug|Any CPU.Build.0 = Debug|Any CPU
		{54EE66A6-DB84-4D31-A20C-5898A9B48858}.Debug|x64.ActiveCfg = Debug|Any CPU
		{54EE66A6-DB84-4D31-A20C-5898A9B48858}.Debug|x64.Build.0 = Debug|Any CPU
		{54EE66A6-DB84-4D31-A20C-5898A9B48858}.Debug|x86.ActiveCfg = Debug|Any CPU
		{54EE66A6-DB84-4D31-A20C-5898A9B48858}.Debug|x86.Build.0 = Debug|Any CPU
		{54EE66A6-DB84-4D31-A20C-5898A9B48858}.Release|Any CPU.ActiveCfg = Release|Any CPU
		{54EE66A6-DB84-4D31-A20C-5898A9B48858}.Release|Any CPU.Build.0 = Release|Any CPU
		{54EE66A6-DB84-4D31-A20C-5898A9B48858}.Release|x64.ActiveCfg = Release|Any CPU
		{54EE66A6-DB84-4D31-A20C-5898A9B48858}.Release|x64.Build.0 = Release|Any CPU
		{54EE66A6-DB84-4D31-A20C-5898A9B48858}.Release|x86.ActiveCfg = Release|Any CPU
		{54EE66A6-DB84-4D31-A20C-5898A9B48858}.Release|x86.Build.0 = Release|Any CPU
		{09A3FEDD-914A-4E0A-860C-AF3524EDB89D}.Debug|Any CPU.ActiveCfg = Debug|Any CPU
		{09A3FEDD-914A-4E0A-860C-AF3524EDB89D}.Debug|Any CPU.Build.0 = Debug|Any CPU
		{09A3FEDD-914A-4E0A-860C-AF3524EDB89D}.Debug|x64.ActiveCfg = Debug|Any CPU
		{09A3FEDD-914A-4E0A-860C-AF3524EDB89D}.Debug|x64.Build.0 = Debug|Any CPU
		{09A3FEDD-914A-4E0A-860C-AF3524EDB89D}.Debug|x86.ActiveCfg = Debug|Any CPU
		{09A3FEDD-914A-4E0A-860C-AF3524EDB89D}.Debug|x86.Build.0 = Debug|Any CPU
		{09A3FEDD-914A-4E0A-860C-AF3524EDB89D}.Release|Any CPU.ActiveCfg = Release|Any CPU
		{09A3FEDD-914A-4E0A-860C-AF3524EDB89D}.Release|Any CPU.Build.0 = Release|Any CPU
		{09A3FEDD-914A-4E0A-860C-AF3524EDB89D}.Release|x64.ActiveCfg = Release|Any CPU
		{09A3FEDD-914A-4E0A-860C-AF3524EDB89D}.Release|x64.Build.0 = Release|Any CPU
		{09A3FEDD-914A-4E0A-860C-AF3524EDB89D}.Release|x86.ActiveCfg = Release|Any CPU
		{09A3FEDD-914A-4E0A-860C-AF3524EDB89D}.Release|x86.Build.0 = Release|Any CPU
		{DD8D6CFE-8D53-44CB-B214-380ADCA115AC}.Debug|Any CPU.ActiveCfg = Debug|Any CPU
		{DD8D6CFE-8D53-44CB-B214-380ADCA115AC}.Debug|Any CPU.Build.0 = Debug|Any CPU
		{DD8D6CFE-8D53-44CB-B214-380ADCA115AC}.Debug|x64.ActiveCfg = Debug|Any CPU
		{DD8D6CFE-8D53-44CB-B214-380ADCA115AC}.Debug|x64.Build.0 = Debug|Any CPU
		{DD8D6CFE-8D53-44CB-B214-380ADCA115AC}.Debug|x86.ActiveCfg = Debug|Any CPU
		{DD8D6CFE-8D53-44CB-B214-380ADCA115AC}.Debug|x86.Build.0 = Debug|Any CPU
		{DD8D6CFE-8D53-44CB-B214-380ADCA115AC}.Release|Any CPU.ActiveCfg = Release|Any CPU
		{DD8D6CFE-8D53-44CB-B214-380ADCA115AC}.Release|Any CPU.Build.0 = Release|Any CPU
		{DD8D6CFE-8D53-44CB-B214-380ADCA115AC}.Release|x64.ActiveCfg = Release|Any CPU
		{DD8D6CFE-8D53-44CB-B214-380ADCA115AC}.Release|x64.Build.0 = Release|Any CPU
		{DD8D6CFE-8D53-44CB-B214-380ADCA115AC}.Release|x86.ActiveCfg = Release|Any CPU
		{DD8D6CFE-8D53-44CB-B214-380ADCA115AC}.Release|x86.Build.0 = Release|Any CPU
		{B8D712F1-F8ED-4991-BD6D-2E1144666304}.Debug|Any CPU.ActiveCfg = Debug|Any CPU
		{B8D712F1-F8ED-4991-BD6D-2E1144666304}.Debug|Any CPU.Build.0 = Debug|Any CPU
		{B8D712F1-F8ED-4991-BD6D-2E1144666304}.Debug|x64.ActiveCfg = Debug|Any CPU
		{B8D712F1-F8ED-4991-BD6D-2E1144666304}.Debug|x64.Build.0 = Debug|Any CPU
		{B8D712F1-F8ED-4991-BD6D-2E1144666304}.Debug|x86.ActiveCfg = Debug|Any CPU
		{B8D712F1-F8ED-4991-BD6D-2E1144666304}.Debug|x86.Build.0 = Debug|Any CPU
		{B8D712F1-F8ED-4991-BD6D-2E1144666304}.Release|Any CPU.ActiveCfg = Release|Any CPU
		{B8D712F1-F8ED-4991-BD6D-2E1144666304}.Release|Any CPU.Build.0 = Release|Any CPU
		{B8D712F1-F8ED-4991-BD6D-2E1144666304}.Release|x64.ActiveCfg = Release|Any CPU
		{B8D712F1-F8ED-4991-BD6D-2E1144666304}.Release|x64.Build.0 = Release|Any CPU
		{B8D712F1-F8ED-4991-BD6D-2E1144666304}.Release|x86.ActiveCfg = Release|Any CPU
		{B8D712F1-F8ED-4991-BD6D-2E1144666304}.Release|x86.Build.0 = Release|Any CPU
		{D7F449BE-0623-45F2-9AD1-DFE12959F20B}.Debug|Any CPU.ActiveCfg = Debug|Any CPU
		{D7F449BE-0623-45F2-9AD1-DFE12959F20B}.Debug|Any CPU.Build.0 = Debug|Any CPU
		{D7F449BE-0623-45F2-9AD1-DFE12959F20B}.Debug|x64.ActiveCfg = Debug|Any CPU
		{D7F449BE-0623-45F2-9AD1-DFE12959F20B}.Debug|x64.Build.0 = Debug|Any CPU
		{D7F449BE-0623-45F2-9AD1-DFE12959F20B}.Debug|x86.ActiveCfg = Debug|Any CPU
		{D7F449BE-0623-45F2-9AD1-DFE12959F20B}.Debug|x86.Build.0 = Debug|Any CPU
		{D7F449BE-0623-45F2-9AD1-DFE12959F20B}.Release|Any CPU.ActiveCfg = Release|Any CPU
		{D7F449BE-0623-45F2-9AD1-DFE12959F20B}.Release|Any CPU.Build.0 = Release|Any CPU
		{D7F449BE-0623-45F2-9AD1-DFE12959F20B}.Release|x64.ActiveCfg = Release|Any CPU
		{D7F449BE-0623-45F2-9AD1-DFE12959F20B}.Release|x64.Build.0 = Release|Any CPU
		{D7F449BE-0623-45F2-9AD1-DFE12959F20B}.Release|x86.ActiveCfg = Release|Any CPU
		{D7F449BE-0623-45F2-9AD1-DFE12959F20B}.Release|x86.Build.0 = Release|Any CPU
	EndGlobalSection
	GlobalSection(SolutionProperties) = preSolution
		HideSolutionNode = FALSE
	EndGlobalSection
	GlobalSection(ExtensibilityGlobals) = postSolution
		SolutionGuid = {0B4CB746-B569-4AE7-9C0F-992C62E1B0AB}
	EndGlobalSection
EndGlobal
