
Microsoft Visual Studio Solution File, Format Version 12.00
# Visual Studio Version 16
VisualStudioVersion = 16.6.30114.105
MinimumVisualStudioVersion = 10.0.40219.1
Project("{FAE04EC0-301F-11D3-BF4B-00C04F79EFBC}") = "R5T.D0105.A001", "R5T.D0105.A001\R5T.D0105.A001.csproj", "{B4126045-F7FD-4448-A734-C3BA32EDDA63}"
EndProject
Project("{FAE04EC0-301F-11D3-BF4B-00C04F79EFBC}") = "R5T.D0105.I001", "R5T.D0105.I001\R5T.D0105.I001.csproj", "{8EA737F3-CBE2-4EBB-B445-94E128A3B3BA}"
EndProject
Project("{FAE04EC0-301F-11D3-BF4B-00C04F79EFBC}") = "R5T.D0105.Base", "R5T.D0105.Base\R5T.D0105.Base.csproj", "{3CD05A94-0C77-4918-9BA8-26FA357163D3}"
EndProject
Project("{2150E333-8FDC-42A3-9474-1A3956D46DE8}") = "_Dependencies", "_Dependencies", "{8C4C2D5D-DD28-4A7B-B939-51FECFA3CEC9}"
EndProject
Project("{FAE04EC0-301F-11D3-BF4B-00C04F79EFBC}") = "R5T.Dacia.Extensions", "..\..\R5T.Dacia.Extensions\source\R5T.Dacia.Extensions\R5T.Dacia.Extensions.csproj", "{CA563A21-CDFD-4A53-AFFB-D7471BC3A87B}"
EndProject
Project("{FAE04EC0-301F-11D3-BF4B-00C04F79EFBC}") = "R5T.Dacia.T002", "..\..\R5T.Dacia\source\R5T.Dacia.T002\R5T.Dacia.T002.csproj", "{430F5413-B1C0-407C-A76C-9619D3B90CE8}"
EndProject
Global
	GlobalSection(SolutionConfigurationPlatforms) = preSolution
		Debug|Any CPU = Debug|Any CPU
		Debug|x64 = Debug|x64
		Debug|x86 = Debug|x86
		Release|Any CPU = Release|Any CPU
		Release|x64 = Release|x64
		Release|x86 = Release|x86
	EndGlobalSection
	GlobalSection(SolutionProperties) = preSolution
		HideSolutionNode = FALSE
	EndGlobalSection
	GlobalSection(ProjectConfigurationPlatforms) = postSolution
		{B4126045-F7FD-4448-A734-C3BA32EDDA63}.Debug|Any CPU.ActiveCfg = Debug|Any CPU
		{B4126045-F7FD-4448-A734-C3BA32EDDA63}.Debug|Any CPU.Build.0 = Debug|Any CPU
		{B4126045-F7FD-4448-A734-C3BA32EDDA63}.Debug|x64.ActiveCfg = Debug|Any CPU
		{B4126045-F7FD-4448-A734-C3BA32EDDA63}.Debug|x64.Build.0 = Debug|Any CPU
		{B4126045-F7FD-4448-A734-C3BA32EDDA63}.Debug|x86.ActiveCfg = Debug|Any CPU
		{B4126045-F7FD-4448-A734-C3BA32EDDA63}.Debug|x86.Build.0 = Debug|Any CPU
		{B4126045-F7FD-4448-A734-C3BA32EDDA63}.Release|Any CPU.ActiveCfg = Release|Any CPU
		{B4126045-F7FD-4448-A734-C3BA32EDDA63}.Release|Any CPU.Build.0 = Release|Any CPU
		{B4126045-F7FD-4448-A734-C3BA32EDDA63}.Release|x64.ActiveCfg = Release|Any CPU
		{B4126045-F7FD-4448-A734-C3BA32EDDA63}.Release|x64.Build.0 = Release|Any CPU
		{B4126045-F7FD-4448-A734-C3BA32EDDA63}.Release|x86.ActiveCfg = Release|Any CPU
		{B4126045-F7FD-4448-A734-C3BA32EDDA63}.Release|x86.Build.0 = Release|Any CPU
		{8EA737F3-CBE2-4EBB-B445-94E128A3B3BA}.Debug|Any CPU.ActiveCfg = Debug|Any CPU
		{8EA737F3-CBE2-4EBB-B445-94E128A3B3BA}.Debug|Any CPU.Build.0 = Debug|Any CPU
		{8EA737F3-CBE2-4EBB-B445-94E128A3B3BA}.Debug|x64.ActiveCfg = Debug|Any CPU
		{8EA737F3-CBE2-4EBB-B445-94E128A3B3BA}.Debug|x64.Build.0 = Debug|Any CPU
		{8EA737F3-CBE2-4EBB-B445-94E128A3B3BA}.Debug|x86.ActiveCfg = Debug|Any CPU
		{8EA737F3-CBE2-4EBB-B445-94E128A3B3BA}.Debug|x86.Build.0 = Debug|Any CPU
		{8EA737F3-CBE2-4EBB-B445-94E128A3B3BA}.Release|Any CPU.ActiveCfg = Release|Any CPU
		{8EA737F3-CBE2-4EBB-B445-94E128A3B3BA}.Release|Any CPU.Build.0 = Release|Any CPU
		{8EA737F3-CBE2-4EBB-B445-94E128A3B3BA}.Release|x64.ActiveCfg = Release|Any CPU
		{8EA737F3-CBE2-4EBB-B445-94E128A3B3BA}.Release|x64.Build.0 = Release|Any CPU
		{8EA737F3-CBE2-4EBB-B445-94E128A3B3BA}.Release|x86.ActiveCfg = Release|Any CPU
		{8EA737F3-CBE2-4EBB-B445-94E128A3B3BA}.Release|x86.Build.0 = Release|Any CPU
		{3CD05A94-0C77-4918-9BA8-26FA357163D3}.Debug|Any CPU.ActiveCfg = Debug|Any CPU
		{3CD05A94-0C77-4918-9BA8-26FA357163D3}.Debug|Any CPU.Build.0 = Debug|Any CPU
		{3CD05A94-0C77-4918-9BA8-26FA357163D3}.Debug|x64.ActiveCfg = Debug|Any CPU
		{3CD05A94-0C77-4918-9BA8-26FA357163D3}.Debug|x64.Build.0 = Debug|Any CPU
		{3CD05A94-0C77-4918-9BA8-26FA357163D3}.Debug|x86.ActiveCfg = Debug|Any CPU
		{3CD05A94-0C77-4918-9BA8-26FA357163D3}.Debug|x86.Build.0 = Debug|Any CPU
		{3CD05A94-0C77-4918-9BA8-26FA357163D3}.Release|Any CPU.ActiveCfg = Release|Any CPU
		{3CD05A94-0C77-4918-9BA8-26FA357163D3}.Release|Any CPU.Build.0 = Release|Any CPU
		{3CD05A94-0C77-4918-9BA8-26FA357163D3}.Release|x64.ActiveCfg = Release|Any CPU
		{3CD05A94-0C77-4918-9BA8-26FA357163D3}.Release|x64.Build.0 = Release|Any CPU
		{3CD05A94-0C77-4918-9BA8-26FA357163D3}.Release|x86.ActiveCfg = Release|Any CPU
		{3CD05A94-0C77-4918-9BA8-26FA357163D3}.Release|x86.Build.0 = Release|Any CPU
		{CA563A21-CDFD-4A53-AFFB-D7471BC3A87B}.Debug|Any CPU.ActiveCfg = Debug|Any CPU
		{CA563A21-CDFD-4A53-AFFB-D7471BC3A87B}.Debug|Any CPU.Build.0 = Debug|Any CPU
		{CA563A21-CDFD-4A53-AFFB-D7471BC3A87B}.Debug|x64.ActiveCfg = Debug|Any CPU
		{CA563A21-CDFD-4A53-AFFB-D7471BC3A87B}.Debug|x64.Build.0 = Debug|Any CPU
		{CA563A21-CDFD-4A53-AFFB-D7471BC3A87B}.Debug|x86.ActiveCfg = Debug|Any CPU
		{CA563A21-CDFD-4A53-AFFB-D7471BC3A87B}.Debug|x86.Build.0 = Debug|Any CPU
		{CA563A21-CDFD-4A53-AFFB-D7471BC3A87B}.Release|Any CPU.ActiveCfg = Release|Any CPU
		{CA563A21-CDFD-4A53-AFFB-D7471BC3A87B}.Release|Any CPU.Build.0 = Release|Any CPU
		{CA563A21-CDFD-4A53-AFFB-D7471BC3A87B}.Release|x64.ActiveCfg = Release|Any CPU
		{CA563A21-CDFD-4A53-AFFB-D7471BC3A87B}.Release|x64.Build.0 = Release|Any CPU
		{CA563A21-CDFD-4A53-AFFB-D7471BC3A87B}.Release|x86.ActiveCfg = Release|Any CPU
		{CA563A21-CDFD-4A53-AFFB-D7471BC3A87B}.Release|x86.Build.0 = Release|Any CPU
		{430F5413-B1C0-407C-A76C-9619D3B90CE8}.Debug|Any CPU.ActiveCfg = Debug|Any CPU
		{430F5413-B1C0-407C-A76C-9619D3B90CE8}.Debug|Any CPU.Build.0 = Debug|Any CPU
		{430F5413-B1C0-407C-A76C-9619D3B90CE8}.Debug|x64.ActiveCfg = Debug|Any CPU
		{430F5413-B1C0-407C-A76C-9619D3B90CE8}.Debug|x64.Build.0 = Debug|Any CPU
		{430F5413-B1C0-407C-A76C-9619D3B90CE8}.Debug|x86.ActiveCfg = Debug|Any CPU
		{430F5413-B1C0-407C-A76C-9619D3B90CE8}.Debug|x86.Build.0 = Debug|Any CPU
		{430F5413-B1C0-407C-A76C-9619D3B90CE8}.Release|Any CPU.ActiveCfg = Release|Any CPU
		{430F5413-B1C0-407C-A76C-9619D3B90CE8}.Release|Any CPU.Build.0 = Release|Any CPU
		{430F5413-B1C0-407C-A76C-9619D3B90CE8}.Release|x64.ActiveCfg = Release|Any CPU
		{430F5413-B1C0-407C-A76C-9619D3B90CE8}.Release|x64.Build.0 = Release|Any CPU
		{430F5413-B1C0-407C-A76C-9619D3B90CE8}.Release|x86.ActiveCfg = Release|Any CPU
		{430F5413-B1C0-407C-A76C-9619D3B90CE8}.Release|x86.Build.0 = Release|Any CPU
	EndGlobalSection
	GlobalSection(NestedProjects) = preSolution
		{CA563A21-CDFD-4A53-AFFB-D7471BC3A87B} = {8C4C2D5D-DD28-4A7B-B939-51FECFA3CEC9}
		{430F5413-B1C0-407C-A76C-9619D3B90CE8} = {8C4C2D5D-DD28-4A7B-B939-51FECFA3CEC9}
	EndGlobalSection
EndGlobal
