
Microsoft Visual Studio Solution File, Format Version 12.00
# Visual Studio Version 16
VisualStudioVersion = 16.6.30114.105
MinimumVisualStudioVersion = 10.0.40219.1
Project("{FAE04EC0-301F-11D3-BF4B-00C04F79EFBC}") = "R5T.D0105.Base", "R5T.D0105.Base\R5T.D0105.Base.csproj", "{94DD9DDC-0AD1-4479-9748-B1D1BE5BD546}"
EndProject
Project("{2150E333-8FDC-42A3-9474-1A3956D46DE8}") = "_Dependencies", "_Dependencies", "{032B07B7-70B4-4298-9B01-A2D210E43AFA}"
EndProject
Project("{FAE04EC0-301F-11D3-BF4B-00C04F79EFBC}") = "R5T.Dacia.T002", "..\..\R5T.Dacia\source\R5T.Dacia.T002\R5T.Dacia.T002.csproj", "{178AF817-2FEB-4698-B739-259AC32B533E}"
EndProject
Project("{FAE04EC0-301F-11D3-BF4B-00C04F79EFBC}") = "R5T.D0105.I001", "R5T.D0105.I001\R5T.D0105.I001.csproj", "{BA402EFE-6FBA-48A1-BC19-C9AB64C3FEF0}"
EndProject
Project("{FAE04EC0-301F-11D3-BF4B-00C04F79EFBC}") = "R5T.Dacia.Extensions", "..\..\R5T.Dacia.Extensions\source\R5T.Dacia.Extensions\R5T.Dacia.Extensions.csproj", "{5BE4E969-DBD6-4EAB-BE02-E08813386F47}"
EndProject
Global
	GlobalSection(SolutionConfigurationPlatforms) = preSolution
		Debug|Any CPU = Debug|Any CPU
		Debug|x64 = Debug|x64
		Debug|x86 = Debug|x86
		Release|Any CPU = Release|Any CPU
		Release|x64 = Release|x64
		Release|x86 = Release|x86
	EndGlobalSection
	GlobalSection(SolutionProperties) = preSolution
		HideSolutionNode = FALSE
	EndGlobalSection
	GlobalSection(ProjectConfigurationPlatforms) = postSolution
		{94DD9DDC-0AD1-4479-9748-B1D1BE5BD546}.Debug|Any CPU.ActiveCfg = Debug|Any CPU
		{94DD9DDC-0AD1-4479-9748-B1D1BE5BD546}.Debug|Any CPU.Build.0 = Debug|Any CPU
		{94DD9DDC-0AD1-4479-9748-B1D1BE5BD546}.Debug|x64.ActiveCfg = Debug|Any CPU
		{94DD9DDC-0AD1-4479-9748-B1D1BE5BD546}.Debug|x64.Build.0 = Debug|Any CPU
		{94DD9DDC-0AD1-4479-9748-B1D1BE5BD546}.Debug|x86.ActiveCfg = Debug|Any CPU
		{94DD9DDC-0AD1-4479-9748-B1D1BE5BD546}.Debug|x86.Build.0 = Debug|Any CPU
		{94DD9DDC-0AD1-4479-9748-B1D1BE5BD546}.Release|Any CPU.ActiveCfg = Release|Any CPU
		{94DD9DDC-0AD1-4479-9748-B1D1BE5BD546}.Release|Any CPU.Build.0 = Release|Any CPU
		{94DD9DDC-0AD1-4479-9748-B1D1BE5BD546}.Release|x64.ActiveCfg = Release|Any CPU
		{94DD9DDC-0AD1-4479-9748-B1D1BE5BD546}.Release|x64.Build.0 = Release|Any CPU
		{94DD9DDC-0AD1-4479-9748-B1D1BE5BD546}.Release|x86.ActiveCfg = Release|Any CPU
		{94DD9DDC-0AD1-4479-9748-B1D1BE5BD546}.Release|x86.Build.0 = Release|Any CPU
		{178AF817-2FEB-4698-B739-259AC32B533E}.Debug|Any CPU.ActiveCfg = Debug|Any CPU
		{178AF817-2FEB-4698-B739-259AC32B533E}.Debug|Any CPU.Build.0 = Debug|Any CPU
		{178AF817-2FEB-4698-B739-259AC32B533E}.Debug|x64.ActiveCfg = Debug|Any CPU
		{178AF817-2FEB-4698-B739-259AC32B533E}.Debug|x64.Build.0 = Debug|Any CPU
		{178AF817-2FEB-4698-B739-259AC32B533E}.Debug|x86.ActiveCfg = Debug|Any CPU
		{178AF817-2FEB-4698-B739-259AC32B533E}.Debug|x86.Build.0 = Debug|Any CPU
		{178AF817-2FEB-4698-B739-259AC32B533E}.Release|Any CPU.ActiveCfg = Release|Any CPU
		{178AF817-2FEB-4698-B739-259AC32B533E}.Release|Any CPU.Build.0 = Release|Any CPU
		{178AF817-2FEB-4698-B739-259AC32B533E}.Release|x64.ActiveCfg = Release|Any CPU
		{178AF817-2FEB-4698-B739-259AC32B533E}.Release|x64.Build.0 = Release|Any CPU
		{178AF817-2FEB-4698-B739-259AC32B533E}.Release|x86.ActiveCfg = Release|Any CPU
		{178AF817-2FEB-4698-B739-259AC32B533E}.Release|x86.Build.0 = Release|Any CPU
		{BA402EFE-6FBA-48A1-BC19-C9AB64C3FEF0}.Debug|Any CPU.ActiveCfg = Debug|Any CPU
		{BA402EFE-6FBA-48A1-BC19-C9AB64C3FEF0}.Debug|Any CPU.Build.0 = Debug|Any CPU
		{BA402EFE-6FBA-48A1-BC19-C9AB64C3FEF0}.Debug|x64.ActiveCfg = Debug|Any CPU
		{BA402EFE-6FBA-48A1-BC19-C9AB64C3FEF0}.Debug|x64.Build.0 = Debug|Any CPU
		{BA402EFE-6FBA-48A1-BC19-C9AB64C3FEF0}.Debug|x86.ActiveCfg = Debug|Any CPU
		{BA402EFE-6FBA-48A1-BC19-C9AB64C3FEF0}.Debug|x86.Build.0 = Debug|Any CPU
		{BA402EFE-6FBA-48A1-BC19-C9AB64C3FEF0}.Release|Any CPU.ActiveCfg = Release|Any CPU
		{BA402EFE-6FBA-48A1-BC19-C9AB64C3FEF0}.Release|Any CPU.Build.0 = Release|Any CPU
		{BA402EFE-6FBA-48A1-BC19-C9AB64C3FEF0}.Release|x64.ActiveCfg = Release|Any CPU
		{BA402EFE-6FBA-48A1-BC19-C9AB64C3FEF0}.Release|x64.Build.0 = Release|Any CPU
		{BA402EFE-6FBA-48A1-BC19-C9AB64C3FEF0}.Release|x86.ActiveCfg = Release|Any CPU
		{BA402EFE-6FBA-48A1-BC19-C9AB64C3FEF0}.Release|x86.Build.0 = Release|Any CPU
		{5BE4E969-DBD6-4EAB-BE02-E08813386F47}.Debug|Any CPU.ActiveCfg = Debug|Any CPU
		{5BE4E969-DBD6-4EAB-BE02-E08813386F47}.Debug|Any CPU.Build.0 = Debug|Any CPU
		{5BE4E969-DBD6-4EAB-BE02-E08813386F47}.Debug|x64.ActiveCfg = Debug|Any CPU
		{5BE4E969-DBD6-4EAB-BE02-E08813386F47}.Debug|x64.Build.0 = Debug|Any CPU
		{5BE4E969-DBD6-4EAB-BE02-E08813386F47}.Debug|x86.ActiveCfg = Debug|Any CPU
		{5BE4E969-DBD6-4EAB-BE02-E08813386F47}.Debug|x86.Build.0 = Debug|Any CPU
		{5BE4E969-DBD6-4EAB-BE02-E08813386F47}.Release|Any CPU.ActiveCfg = Release|Any CPU
		{5BE4E969-DBD6-4EAB-BE02-E08813386F47}.Release|Any CPU.Build.0 = Release|Any CPU
		{5BE4E969-DBD6-4EAB-BE02-E08813386F47}.Release|x64.ActiveCfg = Release|Any CPU
		{5BE4E969-DBD6-4EAB-BE02-E08813386F47}.Release|x64.Build.0 = Release|Any CPU
		{5BE4E969-DBD6-4EAB-BE02-E08813386F47}.Release|x86.ActiveCfg = Release|Any CPU
		{5BE4E969-DBD6-4EAB-BE02-E08813386F47}.Release|x86.Build.0 = Release|Any CPU
	EndGlobalSection
	GlobalSection(NestedProjects) = preSolution
		{178AF817-2FEB-4698-B739-259AC32B533E} = {032B07B7-70B4-4298-9B01-A2D210E43AFA}
		{5BE4E969-DBD6-4EAB-BE02-E08813386F47} = {032B07B7-70B4-4298-9B01-A2D210E43AFA}
	EndGlobalSection
EndGlobal
