
Microsoft Visual Studio Solution File, Format Version 12.00
# Visual Studio Version 16
VisualStudioVersion = 16.6.30114.105
MinimumVisualStudioVersion = 10.0.40219.1
Project("{FAE04EC0-301F-11D3-BF4B-00C04F79EFBC}") = "R5T.D0105.Construction", "R5T.D0105.Construction\R5T.D0105.Construction.csproj", "{F98AFA0A-C6EE-41D5-B33A-4589B28C9410}"
EndProject
Project("{2150E333-8FDC-42A3-9474-1A3956D46DE8}") = "_Dependencies", "_Dependencies", "{0AB94AED-7A42-46B3-AB63-3477ED5FB54A}"
EndProject
Project("{FAE04EC0-301F-11D3-BF4B-00C04F79EFBC}") = "R5T.Plymouth.ProgramAsAService", "..\..\R5T.Plymouth\source\R5T.Plymouth.ProgramAsAService\R5T.Plymouth.ProgramAsAService.csproj", "{AD6868E1-2B82-4122-A927-CABA551A62B9}"
EndProject
Project("{FAE04EC0-301F-11D3-BF4B-00C04F79EFBC}") = "R5T.T0027.T009", "..\..\R5T.T0027\source\R5T.T0027.T009\R5T.T0027.T009.csproj", "{6006B09E-32E8-48AB-88BD-F6C80A696EB7}"
EndProject
Project("{FAE04EC0-301F-11D3-BF4B-00C04F79EFBC}") = "R5T.D0105.I001", "R5T.D0105.I001\R5T.D0105.I001.csproj", "{3AA8A985-1500-4C9D-A93E-4EE3F2CA8C33}"
EndProject
Project("{FAE04EC0-301F-11D3-BF4B-00C04F79EFBC}") = "R5T.D0105.Base", "R5T.D0105.Base\R5T.D0105.Base.csproj", "{91F6D64E-BE5E-4BF1-95F6-FCC617BFC149}"
EndProject
Project("{FAE04EC0-301F-11D3-BF4B-00C04F79EFBC}") = "R5T.Dacia.Extensions", "..\..\R5T.Dacia.Extensions\source\R5T.Dacia.Extensions\R5T.Dacia.Extensions.csproj", "{F3470E5E-8EAF-4C33-81D6-2DDCBB766051}"
EndProject
Project("{FAE04EC0-301F-11D3-BF4B-00C04F79EFBC}") = "R5T.Dacia.T002", "..\..\R5T.Dacia\source\R5T.Dacia.T002\R5T.Dacia.T002.csproj", "{E5204EA3-4905-47C1-AD05-BB3FD9CE4424}"
EndProject
Global
	GlobalSection(SolutionConfigurationPlatforms) = preSolution
		Debug|Any CPU = Debug|Any CPU
		Debug|x64 = Debug|x64
		Debug|x86 = Debug|x86
		Release|Any CPU = Release|Any CPU
		Release|x64 = Release|x64
		Release|x86 = Release|x86
	EndGlobalSection
	GlobalSection(SolutionProperties) = preSolution
		HideSolutionNode = FALSE
	EndGlobalSection
	GlobalSection(ProjectConfigurationPlatforms) = postSolution
		{F98AFA0A-C6EE-41D5-B33A-4589B28C9410}.Debug|Any CPU.ActiveCfg = Debug|Any CPU
		{F98AFA0A-C6EE-41D5-B33A-4589B28C9410}.Debug|Any CPU.Build.0 = Debug|Any CPU
		{F98AFA0A-C6EE-41D5-B33A-4589B28C9410}.Debug|x64.ActiveCfg = Debug|Any CPU
		{F98AFA0A-C6EE-41D5-B33A-4589B28C9410}.Debug|x64.Build.0 = Debug|Any CPU
		{F98AFA0A-C6EE-41D5-B33A-4589B28C9410}.Debug|x86.ActiveCfg = Debug|Any CPU
		{F98AFA0A-C6EE-41D5-B33A-4589B28C9410}.Debug|x86.Build.0 = Debug|Any CPU
		{F98AFA0A-C6EE-41D5-B33A-4589B28C9410}.Release|Any CPU.ActiveCfg = Release|Any CPU
		{F98AFA0A-C6EE-41D5-B33A-4589B28C9410}.Release|Any CPU.Build.0 = Release|Any CPU
		{F98AFA0A-C6EE-41D5-B33A-4589B28C9410}.Release|x64.ActiveCfg = Release|Any CPU
		{F98AFA0A-C6EE-41D5-B33A-4589B28C9410}.Release|x64.Build.0 = Release|Any CPU
		{F98AFA0A-C6EE-41D5-B33A-4589B28C9410}.Release|x86.ActiveCfg = Release|Any CPU
		{F98AFA0A-C6EE-41D5-B33A-4589B28C9410}.Release|x86.Build.0 = Release|Any CPU
		{AD6868E1-2B82-4122-A927-CABA551A62B9}.Debug|Any CPU.ActiveCfg = Debug|Any CPU
		{AD6868E1-2B82-4122-A927-CABA551A62B9}.Debug|Any CPU.Build.0 = Debug|Any CPU
		{AD6868E1-2B82-4122-A927-CABA551A62B9}.Debug|x64.ActiveCfg = Debug|Any CPU
		{AD6868E1-2B82-4122-A927-CABA551A62B9}.Debug|x64.Build.0 = Debug|Any CPU
		{AD6868E1-2B82-4122-A927-CABA551A62B9}.Debug|x86.ActiveCfg = Debug|Any CPU
		{AD6868E1-2B82-4122-A927-CABA551A62B9}.Debug|x86.Build.0 = Debug|Any CPU
		{AD6868E1-2B82-4122-A927-CABA551A62B9}.Release|Any CPU.ActiveCfg = Release|Any CPU
		{AD6868E1-2B82-4122-A927-CABA551A62B9}.Release|Any CPU.Build.0 = Release|Any CPU
		{AD6868E1-2B82-4122-A927-CABA551A62B9}.Release|x64.ActiveCfg = Release|Any CPU
		{AD6868E1-2B82-4122-A927-CABA551A62B9}.Release|x64.Build.0 = Release|Any CPU
		{AD6868E1-2B82-4122-A927-CABA551A62B9}.Release|x86.ActiveCfg = Release|Any CPU
		{AD6868E1-2B82-4122-A927-CABA551A62B9}.Release|x86.Build.0 = Release|Any CPU
		{6006B09E-32E8-48AB-88BD-F6C80A696EB7}.Debug|Any CPU.ActiveCfg = Debug|Any CPU
		{6006B09E-32E8-48AB-88BD-F6C80A696EB7}.Debug|Any CPU.Build.0 = Debug|Any CPU
		{6006B09E-32E8-48AB-88BD-F6C80A696EB7}.Debug|x64.ActiveCfg = Debug|Any CPU
		{6006B09E-32E8-48AB-88BD-F6C80A696EB7}.Debug|x64.Build.0 = Debug|Any CPU
		{6006B09E-32E8-48AB-88BD-F6C80A696EB7}.Debug|x86.ActiveCfg = Debug|Any CPU
		{6006B09E-32E8-48AB-88BD-F6C80A696EB7}.Debug|x86.Build.0 = Debug|Any CPU
		{6006B09E-32E8-48AB-88BD-F6C80A696EB7}.Release|Any CPU.ActiveCfg = Release|Any CPU
		{6006B09E-32E8-48AB-88BD-F6C80A696EB7}.Release|Any CPU.Build.0 = Release|Any CPU
		{6006B09E-32E8-48AB-88BD-F6C80A696EB7}.Release|x64.ActiveCfg = Release|Any CPU
		{6006B09E-32E8-48AB-88BD-F6C80A696EB7}.Release|x64.Build.0 = Release|Any CPU
		{6006B09E-32E8-48AB-88BD-F6C80A696EB7}.Release|x86.ActiveCfg = Release|Any CPU
		{6006B09E-32E8-48AB-88BD-F6C80A696EB7}.Release|x86.Build.0 = Release|Any CPU
		{3AA8A985-1500-4C9D-A93E-4EE3F2CA8C33}.Debug|Any CPU.ActiveCfg = Debug|Any CPU
		{3AA8A985-1500-4C9D-A93E-4EE3F2CA8C33}.Debug|Any CPU.Build.0 = Debug|Any CPU
		{3AA8A985-1500-4C9D-A93E-4EE3F2CA8C33}.Debug|x64.ActiveCfg = Debug|Any CPU
		{3AA8A985-1500-4C9D-A93E-4EE3F2CA8C33}.Debug|x64.Build.0 = Debug|Any CPU
		{3AA8A985-1500-4C9D-A93E-4EE3F2CA8C33}.Debug|x86.ActiveCfg = Debug|Any CPU
		{3AA8A985-1500-4C9D-A93E-4EE3F2CA8C33}.Debug|x86.Build.0 = Debug|Any CPU
		{3AA8A985-1500-4C9D-A93E-4EE3F2CA8C33}.Release|Any CPU.ActiveCfg = Release|Any CPU
		{3AA8A985-1500-4C9D-A93E-4EE3F2CA8C33}.Release|Any CPU.Build.0 = Release|Any CPU
		{3AA8A985-1500-4C9D-A93E-4EE3F2CA8C33}.Release|x64.ActiveCfg = Release|Any CPU
		{3AA8A985-1500-4C9D-A93E-4EE3F2CA8C33}.Release|x64.Build.0 = Release|Any CPU
		{3AA8A985-1500-4C9D-A93E-4EE3F2CA8C33}.Release|x86.ActiveCfg = Release|Any CPU
		{3AA8A985-1500-4C9D-A93E-4EE3F2CA8C33}.Release|x86.Build.0 = Release|Any CPU
		{91F6D64E-BE5E-4BF1-95F6-FCC617BFC149}.Debug|Any CPU.ActiveCfg = Debug|Any CPU
		{91F6D64E-BE5E-4BF1-95F6-FCC617BFC149}.Debug|Any CPU.Build.0 = Debug|Any CPU
		{91F6D64E-BE5E-4BF1-95F6-FCC617BFC149}.Debug|x64.ActiveCfg = Debug|Any CPU
		{91F6D64E-BE5E-4BF1-95F6-FCC617BFC149}.Debug|x64.Build.0 = Debug|Any CPU
		{91F6D64E-BE5E-4BF1-95F6-FCC617BFC149}.Debug|x86.ActiveCfg = Debug|Any CPU
		{91F6D64E-BE5E-4BF1-95F6-FCC617BFC149}.Debug|x86.Build.0 = Debug|Any CPU
		{91F6D64E-BE5E-4BF1-95F6-FCC617BFC149}.Release|Any CPU.ActiveCfg = Release|Any CPU
		{91F6D64E-BE5E-4BF1-95F6-FCC617BFC149}.Release|Any CPU.Build.0 = Release|Any CPU
		{91F6D64E-BE5E-4BF1-95F6-FCC617BFC149}.Release|x64.ActiveCfg = Release|Any CPU
		{91F6D64E-BE5E-4BF1-95F6-FCC617BFC149}.Release|x64.Build.0 = Release|Any CPU
		{91F6D64E-BE5E-4BF1-95F6-FCC617BFC149}.Release|x86.ActiveCfg = Release|Any CPU
		{91F6D64E-BE5E-4BF1-95F6-FCC617BFC149}.Release|x86.Build.0 = Release|Any CPU
		{F3470E5E-8EAF-4C33-81D6-2DDCBB766051}.Debug|Any CPU.ActiveCfg = Debug|Any CPU
		{F3470E5E-8EAF-4C33-81D6-2DDCBB766051}.Debug|Any CPU.Build.0 = Debug|Any CPU
		{F3470E5E-8EAF-4C33-81D6-2DDCBB766051}.Debug|x64.ActiveCfg = Debug|Any CPU
		{F3470E5E-8EAF-4C33-81D6-2DDCBB766051}.Debug|x64.Build.0 = Debug|Any CPU
		{F3470E5E-8EAF-4C33-81D6-2DDCBB766051}.Debug|x86.ActiveCfg = Debug|Any CPU
		{F3470E5E-8EAF-4C33-81D6-2DDCBB766051}.Debug|x86.Build.0 = Debug|Any CPU
		{F3470E5E-8EAF-4C33-81D6-2DDCBB766051}.Release|Any CPU.ActiveCfg = Release|Any CPU
		{F3470E5E-8EAF-4C33-81D6-2DDCBB766051}.Release|Any CPU.Build.0 = Release|Any CPU
		{F3470E5E-8EAF-4C33-81D6-2DDCBB766051}.Release|x64.ActiveCfg = Release|Any CPU
		{F3470E5E-8EAF-4C33-81D6-2DDCBB766051}.Release|x64.Build.0 = Release|Any CPU
		{F3470E5E-8EAF-4C33-81D6-2DDCBB766051}.Release|x86.ActiveCfg = Release|Any CPU
		{F3470E5E-8EAF-4C33-81D6-2DDCBB766051}.Release|x86.Build.0 = Release|Any CPU
		{E5204EA3-4905-47C1-AD05-BB3FD9CE4424}.Debug|Any CPU.ActiveCfg = Debug|Any CPU
		{E5204EA3-4905-47C1-AD05-BB3FD9CE4424}.Debug|Any CPU.Build.0 = Debug|Any CPU
		{E5204EA3-4905-47C1-AD05-BB3FD9CE4424}.Debug|x64.ActiveCfg = Debug|Any CPU
		{E5204EA3-4905-47C1-AD05-BB3FD9CE4424}.Debug|x64.Build.0 = Debug|Any CPU
		{E5204EA3-4905-47C1-AD05-BB3FD9CE4424}.Debug|x86.ActiveCfg = Debug|Any CPU
		{E5204EA3-4905-47C1-AD05-BB3FD9CE4424}.Debug|x86.Build.0 = Debug|Any CPU
		{E5204EA3-4905-47C1-AD05-BB3FD9CE4424}.Release|Any CPU.ActiveCfg = Release|Any CPU
		{E5204EA3-4905-47C1-AD05-BB3FD9CE4424}.Release|Any CPU.Build.0 = Release|Any CPU
		{E5204EA3-4905-47C1-AD05-BB3FD9CE4424}.Release|x64.ActiveCfg = Release|Any CPU
		{E5204EA3-4905-47C1-AD05-BB3FD9CE4424}.Release|x64.Build.0 = Release|Any CPU
		{E5204EA3-4905-47C1-AD05-BB3FD9CE4424}.Release|x86.ActiveCfg = Release|Any CPU
		{E5204EA3-4905-47C1-AD05-BB3FD9CE4424}.Release|x86.Build.0 = Release|Any CPU
	EndGlobalSection
	GlobalSection(NestedProjects) = preSolution
		{AD6868E1-2B82-4122-A927-CABA551A62B9} = {0AB94AED-7A42-46B3-AB63-3477ED5FB54A}
		{6006B09E-32E8-48AB-88BD-F6C80A696EB7} = {0AB94AED-7A42-46B3-AB63-3477ED5FB54A}
		{F3470E5E-8EAF-4C33-81D6-2DDCBB766051} = {0AB94AED-7A42-46B3-AB63-3477ED5FB54A}
		{E5204EA3-4905-47C1-AD05-BB3FD9CE4424} = {0AB94AED-7A42-46B3-AB63-3477ED5FB54A}
	EndGlobalSection
EndGlobal
